
Microsoft Visual Studio Solution File, Format Version 12.00
# Visual Studio Version 17
VisualStudioVersion = 17.5.33530.505
MinimumVisualStudioVersion = 10.0.40219.1
Project("{FAE04EC0-301F-11D3-BF4B-00C04F79EFBC}") = "shop", "shop\shop.csproj", "{9346A189-A015-4A1D-9580-D82030BE5CFB}"
EndProject
Global
	GlobalSection(SolutionConfigurationPlatforms) = preSolution
		Debug|Any CPU = Debug|Any CPU
		Release|Any CPU = Release|Any CPU
	EndGlobalSection
	GlobalSection(ProjectConfigurationPlatforms) = postSolution
		{9346A189-A015-4A1D-9580-D82030BE5CFB}.Debug|Any CPU.ActiveCfg = Debug|Any CPU
		{9346A189-A015-4A1D-9580-D82030BE5CFB}.Debug|Any CPU.Build.0 = Debug|Any CPU
		{9346A189-A015-4A1D-9580-D82030BE5CFB}.Release|Any CPU.ActiveCfg = Release|Any CPU
		{9346A189-A015-4A1D-9580-D82030BE5CFB}.Release|Any CPU.Build.0 = Release|Any CPU
	EndGlobalSection
	GlobalSection(SolutionProperties) = preSolution
		HideSolutionNode = FALSE
	EndGlobalSection
	GlobalSection(ExtensibilityGlobals) = postSolution
		SolutionGuid = {B6CEE956-FCDB-4790-A26B-CB45FFBB0631}
	EndGlobalSection
EndGlobal
